
Microsoft Visual Studio Solution File, Format Version 12.00
# Visual Studio Version 16
VisualStudioVersion = 16.0.31729.503
MinimumVisualStudioVersion = 10.0.40219.1
Project("{8BC9CEB8-8B4A-11D0-8D11-00A0C91BC942}") = "Finite_State_Machine", "Finite_State_Machine\Finite_State_Machine.vcxproj", "{CB4AA738-5474-48C6-802B-ADA90F06D7DB}"
EndProject
Global
	GlobalSection(SolutionConfigurationPlatforms) = preSolution
		Debug|x64 = Debug|x64
		Debug|x86 = Debug|x86
		Release|x64 = Release|x64
		Release|x86 = Release|x86
	EndGlobalSection
	GlobalSection(ProjectConfigurationPlatforms) = postSolution
		{CB4AA738-5474-48C6-802B-ADA90F06D7DB}.Debug|x64.ActiveCfg = Debug|x64
		{CB4AA738-5474-48C6-802B-ADA90F06D7DB}.Debug|x64.Build.0 = Debug|x64
		{CB4AA738-5474-48C6-802B-ADA90F06D7DB}.Debug|x86.ActiveCfg = Debug|Win32
		{CB4AA738-5474-48C6-802B-ADA90F06D7DB}.Debug|x86.Build.0 = Debug|Win32
		{CB4AA738-5474-48C6-802B-ADA90F06D7DB}.Release|x64.ActiveCfg = Release|x64
		{CB4AA738-5474-48C6-802B-ADA90F06D7DB}.Release|x64.Build.0 = Release|x64
		{CB4AA738-5474-48C6-802B-ADA90F06D7DB}.Release|x86.ActiveCfg = Release|Win32
		{CB4AA738-5474-48C6-802B-ADA90F06D7DB}.Release|x86.Build.0 = Release|Win32
	EndGlobalSection
	GlobalSection(SolutionProperties) = preSolution
		HideSolutionNode = FALSE
	EndGlobalSection
	GlobalSection(ExtensibilityGlobals) = postSolution
		SolutionGuid = {A80853F6-6DC3-4A05-9327-B11D5D04AEA8}
	EndGlobalSection
EndGlobal
